// !$*UTF8*$!
{
	archiveVersion = 1;
	classes = {
	};
	objectVersion = 55;
	objects = {

/* Begin PBXBuildFile section */
		35BCBF7894CA01B005DF1393 /* Pods_Converter.framework in Frameworks */ = {isa = PBXBuildFile; fileRef = 1A64B2FE1A919B3A7236B573 /* Pods_Converter.framework */; };
		FB62EECB276BCE0C00BDB70D /* AppDelegate.swift in Sources */ = {isa = PBXBuildFile; fileRef = FB62EECA276BCE0C00BDB70D /* AppDelegate.swift */; };
		FB62EECF276BCE0C00BDB70D /* MainScreenVC.swift in Sources */ = {isa = PBXBuildFile; fileRef = FB62EECE276BCE0C00BDB70D /* MainScreenVC.swift */; };
		FB62EED4276BCE0C00BDB70D /* Assets.xcassets in Resources */ = {isa = PBXBuildFile; fileRef = FB62EED3276BCE0C00BDB70D /* Assets.xcassets */; };
		FB62EED7276BCE0C00BDB70D /* LaunchScreen.storyboard in Resources */ = {isa = PBXBuildFile; fileRef = FB62EED5276BCE0C00BDB70D /* LaunchScreen.storyboard */; };
		FB834E852770F26900105999 /* ExchangeCurrenciesData.swift in Sources */ = {isa = PBXBuildFile; fileRef = FB834E842770F26900105999 /* ExchangeCurrenciesData.swift */; };
		FBAB0EE128F17E5700E242DE /* CurrenciesListView.swift in Sources */ = {isa = PBXBuildFile; fileRef = FBAB0EE028F17E5700E242DE /* CurrenciesListView.swift */; };
		FBAB0EE328F17E7400E242DE /* CurrenciesListViewPresenter.swift in Sources */ = {isa = PBXBuildFile; fileRef = FBAB0EE228F17E7400E242DE /* CurrenciesListViewPresenter.swift */; };
		FBAB0EE828F1873900E242DE /* AssemblyBuilder.swift in Sources */ = {isa = PBXBuildFile; fileRef = FBAB0EE728F1873900E242DE /* AssemblyBuilder.swift */; };
		FBAB0EEA28F1875F00E242DE /* Router.swift in Sources */ = {isa = PBXBuildFile; fileRef = FBAB0EE928F1875F00E242DE /* Router.swift */; };
		FBAB0EED28F48ED600E242DE /* SceneDelegate.swift in Sources */ = {isa = PBXBuildFile; fileRef = FBAB0EEC28F48ED600E242DE /* SceneDelegate.swift */; };
		FBC7780F28EDCBA200C9FB1D /* ExchangeScreenView.swift in Sources */ = {isa = PBXBuildFile; fileRef = FBC7780E28EDCBA200C9FB1D /* ExchangeScreenView.swift */; };
		FBC7781228EDF3E000C9FB1D /* LivePreview.swift in Sources */ = {isa = PBXBuildFile; fileRef = FBC7781128EDF3E000C9FB1D /* LivePreview.swift */; };
		FBDAA3AE2798BD6500CB89B7 /* Extensions.swift in Sources */ = {isa = PBXBuildFile; fileRef = FBDAA3AD2798BD6500CB89B7 /* Extensions.swift */; };
		FBEA9C40276E7346004BF24C /* Constants.swift in Sources */ = {isa = PBXBuildFile; fileRef = FBEA9C3F276E7346004BF24C /* Constants.swift */; };
		FBEAD4B22772346F00DDD50E /* CurrencyListVC.swift in Sources */ = {isa = PBXBuildFile; fileRef = FBEAD4B12772346F00DDD50E /* CurrencyListVC.swift */; };
		FBEAD4B427723A8900DDD50E /* Indicator.swift in Sources */ = {isa = PBXBuildFile; fileRef = FBEAD4B327723A8900DDD50E /* Indicator.swift */; };
		FBFF2A6728EE1BBD00D3FCBF /* ExchangePresenter.swift in Sources */ = {isa = PBXBuildFile; fileRef = FBFF2A6628EE1BBD00D3FCBF /* ExchangePresenter.swift */; };
		FBFF2A6A28EE293E00D3FCBF /* ExchangeModel.swift in Sources */ = {isa = PBXBuildFile; fileRef = FBFF2A6928EE293E00D3FCBF /* ExchangeModel.swift */; };
		FBFF2A6C28EE2E6300D3FCBF /* NetworkService.swift in Sources */ = {isa = PBXBuildFile; fileRef = FBFF2A6B28EE2E6300D3FCBF /* NetworkService.swift */; };
/* End PBXBuildFile section */

/* Begin PBXFileReference section */
		1A64B2FE1A919B3A7236B573 /* Pods_Converter.framework */ = {isa = PBXFileReference; explicitFileType = wrapper.framework; includeInIndex = 0; path = Pods_Converter.framework; sourceTree = BUILT_PRODUCTS_DIR; };
		B828B649444A7CC3E0B21DE7 /* Pods-Converter.debug.xcconfig */ = {isa = PBXFileReference; includeInIndex = 1; lastKnownFileType = text.xcconfig; name = "Pods-Converter.debug.xcconfig"; path = "Target Support Files/Pods-Converter/Pods-Converter.debug.xcconfig"; sourceTree = "<group>"; };
		E15BF827869FDD4D7044C54F /* Pods-Converter.release.xcconfig */ = {isa = PBXFileReference; includeInIndex = 1; lastKnownFileType = text.xcconfig; name = "Pods-Converter.release.xcconfig"; path = "Target Support Files/Pods-Converter/Pods-Converter.release.xcconfig"; sourceTree = "<group>"; };
		FB62EEC7276BCE0C00BDB70D /* Converter.app */ = {isa = PBXFileReference; explicitFileType = wrapper.application; includeInIndex = 0; path = Converter.app; sourceTree = BUILT_PRODUCTS_DIR; };
		FB62EECA276BCE0C00BDB70D /* AppDelegate.swift */ = {isa = PBXFileReference; lastKnownFileType = sourcecode.swift; path = AppDelegate.swift; sourceTree = "<group>"; };
		FB62EECE276BCE0C00BDB70D /* MainScreenVC.swift */ = {isa = PBXFileReference; lastKnownFileType = sourcecode.swift; path = MainScreenVC.swift; sourceTree = "<group>"; };
		FB62EED3276BCE0C00BDB70D /* Assets.xcassets */ = {isa = PBXFileReference; lastKnownFileType = folder.assetcatalog; path = Assets.xcassets; sourceTree = "<group>"; };
		FB62EED6276BCE0C00BDB70D /* Base */ = {isa = PBXFileReference; lastKnownFileType = file.storyboard; name = Base; path = Base.lproj/LaunchScreen.storyboard; sourceTree = "<group>"; };
		FB62EED8276BCE0C00BDB70D /* Info.plist */ = {isa = PBXFileReference; lastKnownFileType = text.plist.xml; path = Info.plist; sourceTree = "<group>"; };
		FB834E842770F26900105999 /* ExchangeCurrenciesData.swift */ = {isa = PBXFileReference; lastKnownFileType = sourcecode.swift; path = ExchangeCurrenciesData.swift; sourceTree = "<group>"; };
		FBAB0EE028F17E5700E242DE /* CurrenciesListView.swift */ = {isa = PBXFileReference; lastKnownFileType = sourcecode.swift; path = CurrenciesListView.swift; sourceTree = "<group>"; };
		FBAB0EE228F17E7400E242DE /* CurrenciesListViewPresenter.swift */ = {isa = PBXFileReference; lastKnownFileType = sourcecode.swift; path = CurrenciesListViewPresenter.swift; sourceTree = "<group>"; };
		FBAB0EE728F1873900E242DE /* AssemblyBuilder.swift */ = {isa = PBXFileReference; lastKnownFileType = sourcecode.swift; path = AssemblyBuilder.swift; sourceTree = "<group>"; };
		FBAB0EE928F1875F00E242DE /* Router.swift */ = {isa = PBXFileReference; lastKnownFileType = sourcecode.swift; path = Router.swift; sourceTree = "<group>"; };
		FBAB0EEC28F48ED600E242DE /* SceneDelegate.swift */ = {isa = PBXFileReference; lastKnownFileType = sourcecode.swift; path = SceneDelegate.swift; sourceTree = "<group>"; };
		FBC7780E28EDCBA200C9FB1D /* ExchangeScreenView.swift */ = {isa = PBXFileReference; lastKnownFileType = sourcecode.swift; path = ExchangeScreenView.swift; sourceTree = "<group>"; };
		FBC7781128EDF3E000C9FB1D /* LivePreview.swift */ = {isa = PBXFileReference; lastKnownFileType = sourcecode.swift; path = LivePreview.swift; sourceTree = "<group>"; };
		FBDAA3AD2798BD6500CB89B7 /* Extensions.swift */ = {isa = PBXFileReference; lastKnownFileType = sourcecode.swift; path = Extensions.swift; sourceTree = "<group>"; };
		FBEA9C3F276E7346004BF24C /* Constants.swift */ = {isa = PBXFileReference; lastKnownFileType = sourcecode.swift; path = Constants.swift; sourceTree = "<group>"; };
		FBEAD4B12772346F00DDD50E /* CurrencyListVC.swift */ = {isa = PBXFileReference; lastKnownFileType = sourcecode.swift; path = CurrencyListVC.swift; sourceTree = "<group>"; };
		FBEAD4B327723A8900DDD50E /* Indicator.swift */ = {isa = PBXFileReference; lastKnownFileType = sourcecode.swift; path = Indicator.swift; sourceTree = "<group>"; };
		FBFF2A6628EE1BBD00D3FCBF /* ExchangePresenter.swift */ = {isa = PBXFileReference; lastKnownFileType = sourcecode.swift; path = ExchangePresenter.swift; sourceTree = "<group>"; };
		FBFF2A6928EE293E00D3FCBF /* ExchangeModel.swift */ = {isa = PBXFileReference; lastKnownFileType = sourcecode.swift; path = ExchangeModel.swift; sourceTree = "<group>"; };
		FBFF2A6B28EE2E6300D3FCBF /* NetworkService.swift */ = {isa = PBXFileReference; lastKnownFileType = sourcecode.swift; path = NetworkService.swift; sourceTree = "<group>"; };
/* End PBXFileReference section */

/* Begin PBXFrameworksBuildPhase section */
		FB62EEC4276BCE0C00BDB70D /* Frameworks */ = {
			isa = PBXFrameworksBuildPhase;
			buildActionMask = 2147483647;
			files = (
				35BCBF7894CA01B005DF1393 /* Pods_Converter.framework in Frameworks */,
			);
			runOnlyForDeploymentPostprocessing = 0;
		};
/* End PBXFrameworksBuildPhase section */

/* Begin PBXGroup section */
		20485AA950AF37A7D47FA62A /* Frameworks */ = {
			isa = PBXGroup;
			children = (
				1A64B2FE1A919B3A7236B573 /* Pods_Converter.framework */,
			);
			name = Frameworks;
			sourceTree = "<group>";
		};
		50F41CC8E12D41872726DEBB /* Pods */ = {
			isa = PBXGroup;
			children = (
				B828B649444A7CC3E0B21DE7 /* Pods-Converter.debug.xcconfig */,
				E15BF827869FDD4D7044C54F /* Pods-Converter.release.xcconfig */,
			);
			path = Pods;
			sourceTree = "<group>";
		};
		FB62EEBE276BCE0C00BDB70D = {
			isa = PBXGroup;
			children = (
				FB62EEC9276BCE0C00BDB70D /* Converter */,
				FB62EEC8276BCE0C00BDB70D /* Products */,
				50F41CC8E12D41872726DEBB /* Pods */,
				20485AA950AF37A7D47FA62A /* Frameworks */,
			);
			sourceTree = "<group>";
		};
		FB62EEC8276BCE0C00BDB70D /* Products */ = {
			isa = PBXGroup;
			children = (
				FB62EEC7276BCE0C00BDB70D /* Converter.app */,
			);
			name = Products;
			sourceTree = "<group>";
		};
		FB62EEC9276BCE0C00BDB70D /* Converter */ = {
			isa = PBXGroup;
			children = (
				FB62EED8276BCE0C00BDB70D /* Info.plist */,
				FBAB0EEB28F19FAA00E242DE /* WillDelete */,
				FBEA9C48276E7545004BF24C /* Supporting Files */,
				FBEAD4B527723B3B00DDD50E /* Helpers */,
				FBAB0EDE28F17CFA00E242DE /* Services */,
				FBAB0EDF28F17DC700E242DE /* ExchangeModule */,
				FBAB0EE428F17E7E00E242DE /* CurrenciesListModule */,
				FBAB0EE728F1873900E242DE /* AssemblyBuilder.swift */,
				FBAB0EE928F1875F00E242DE /* Router.swift */,
			);
			path = Converter;
			sourceTree = "<group>";
		};
		FBAB0EDE28F17CFA00E242DE /* Services */ = {
			isa = PBXGroup;
			children = (
				FBFF2A6B28EE2E6300D3FCBF /* NetworkService.swift */,
			);
			path = Services;
			sourceTree = "<group>";
		};
		FBAB0EDF28F17DC700E242DE /* ExchangeModule */ = {
			isa = PBXGroup;
			children = (
				FBEA9C41276E73B0004BF24C /* Model */,
				FBFF2A6828EE1BC700D3FCBF /* Presenter */,
				FBC7781028EDCBA800C9FB1D /* View */,
			);
			path = ExchangeModule;
			sourceTree = "<group>";
		};
		FBAB0EE428F17E7E00E242DE /* CurrenciesListModule */ = {
			isa = PBXGroup;
			children = (
				FBAB0EE528F17E8B00E242DE /* View */,
				FBAB0EE628F17E9200E242DE /* Presenter */,
			);
			path = CurrenciesListModule;
			sourceTree = "<group>";
		};
		FBAB0EE528F17E8B00E242DE /* View */ = {
			isa = PBXGroup;
			children = (
				FBAB0EE028F17E5700E242DE /* CurrenciesListView.swift */,
			);
			path = View;
			sourceTree = "<group>";
		};
		FBAB0EE628F17E9200E242DE /* Presenter */ = {
			isa = PBXGroup;
			children = (
				FBAB0EE228F17E7400E242DE /* CurrenciesListViewPresenter.swift */,
			);
			path = Presenter;
			sourceTree = "<group>";
		};
		FBAB0EEB28F19FAA00E242DE /* WillDelete */ = {
			isa = PBXGroup;
			children = (
				FBEAD4B627723B7C00DDD50E /* Controllers */,
				FBFF2A6928EE293E00D3FCBF /* ExchangeModel.swift */,
			);
			path = WillDelete;
			sourceTree = "<group>";
		};
		FBC7781028EDCBA800C9FB1D /* View */ = {
			isa = PBXGroup;
			children = (
				FBC7780E28EDCBA200C9FB1D /* ExchangeScreenView.swift */,
			);
			path = View;
			sourceTree = "<group>";
		};
		FBEA9C41276E73B0004BF24C /* Model */ = {
			isa = PBXGroup;
			children = (
				FB834E842770F26900105999 /* ExchangeCurrenciesData.swift */,
			);
			path = Model;
			sourceTree = "<group>";
		};
		FBEA9C48276E7545004BF24C /* Supporting Files */ = {
			isa = PBXGroup;
			children = (
				FB62EECA276BCE0C00BDB70D /* AppDelegate.swift */,
				FBAB0EEC28F48ED600E242DE /* SceneDelegate.swift */,
				FB62EED3276BCE0C00BDB70D /* Assets.xcassets */,
				FB62EED5276BCE0C00BDB70D /* LaunchScreen.storyboard */,
			);
			path = "Supporting Files";
			sourceTree = "<group>";
		};
		FBEAD4B527723B3B00DDD50E /* Helpers */ = {
			isa = PBXGroup;
			children = (
				FBFF2A6D28EE34C800D3FCBF /* Utils */,
				FBEA9C3F276E7346004BF24C /* Constants.swift */,
				FBDAA3AD2798BD6500CB89B7 /* Extensions.swift */,
			);
			path = Helpers;
			sourceTree = "<group>";
		};
		FBEAD4B627723B7C00DDD50E /* Controllers */ = {
			isa = PBXGroup;
			children = (
				FB62EECE276BCE0C00BDB70D /* MainScreenVC.swift */,
				FBEAD4B12772346F00DDD50E /* CurrencyListVC.swift */,
			);
			path = Controllers;
			sourceTree = "<group>";
		};
		FBFF2A6828EE1BC700D3FCBF /* Presenter */ = {
			isa = PBXGroup;
			children = (
				FBFF2A6628EE1BBD00D3FCBF /* ExchangePresenter.swift */,
			);
			name = Presenter;
			path = ..;
			sourceTree = "<group>";
		};
		FBFF2A6D28EE34C800D3FCBF /* Utils */ = {
			isa = PBXGroup;
			children = (
				FBEAD4B327723A8900DDD50E /* Indicator.swift */,
				FBC7781128EDF3E000C9FB1D /* LivePreview.swift */,
			);
			path = Utils;
			sourceTree = "<group>";
		};
/* End PBXGroup section */

/* Begin PBXNativeTarget section */
		FB62EEC6276BCE0C00BDB70D /* Converter */ = {
			isa = PBXNativeTarget;
			buildConfigurationList = FB62EEDB276BCE0C00BDB70D /* Build configuration list for PBXNativeTarget "Converter" */;
			buildPhases = (
				DB009E9560568DA5E36C76CC /* [CP] Check Pods Manifest.lock */,
				FB62EEC3276BCE0C00BDB70D /* Sources */,
				FB62EEC4276BCE0C00BDB70D /* Frameworks */,
				FB62EEC5276BCE0C00BDB70D /* Resources */,
				28C2D34296C074CFC1AB5147 /* [CP] Embed Pods Frameworks */,
			);
			buildRules = (
			);
			dependencies = (
			);
			name = Converter;
			productName = Converter;
			productReference = FB62EEC7276BCE0C00BDB70D /* Converter.app */;
			productType = "com.apple.product-type.application";
		};
/* End PBXNativeTarget section */

/* Begin PBXProject section */
		FB62EEBF276BCE0C00BDB70D /* Project object */ = {
			isa = PBXProject;
			attributes = {
				BuildIndependentTargetsInParallel = 1;
				LastSwiftUpdateCheck = 1320;
				LastUpgradeCheck = 1320;
				TargetAttributes = {
					FB62EEC6276BCE0C00BDB70D = {
						CreatedOnToolsVersion = 13.2;
					};
				};
			};
			buildConfigurationList = FB62EEC2276BCE0C00BDB70D /* Build configuration list for PBXProject "Converter" */;
			compatibilityVersion = "Xcode 13.0";
			developmentRegion = en;
			hasScannedForEncodings = 0;
			knownRegions = (
				en,
				Base,
			);
			mainGroup = FB62EEBE276BCE0C00BDB70D;
			productRefGroup = FB62EEC8276BCE0C00BDB70D /* Products */;
			projectDirPath = "";
			projectRoot = "";
			targets = (
				FB62EEC6276BCE0C00BDB70D /* Converter */,
			);
		};
/* End PBXProject section */

/* Begin PBXResourcesBuildPhase section */
		FB62EEC5276BCE0C00BDB70D /* Resources */ = {
			isa = PBXResourcesBuildPhase;
			buildActionMask = 2147483647;
			files = (
				FB62EED7276BCE0C00BDB70D /* LaunchScreen.storyboard in Resources */,
				FB62EED4276BCE0C00BDB70D /* Assets.xcassets in Resources */,
			);
			runOnlyForDeploymentPostprocessing = 0;
		};
/* End PBXResourcesBuildPhase section */

/* Begin PBXShellScriptBuildPhase section */
		28C2D34296C074CFC1AB5147 /* [CP] Embed Pods Frameworks */ = {
			isa = PBXShellScriptBuildPhase;
			buildActionMask = 2147483647;
			files = (
			);
			inputFileListPaths = (
				"${PODS_ROOT}/Target Support Files/Pods-Converter/Pods-Converter-frameworks-${CONFIGURATION}-input-files.xcfilelist",
			);
			name = "[CP] Embed Pods Frameworks";
			outputFileListPaths = (
				"${PODS_ROOT}/Target Support Files/Pods-Converter/Pods-Converter-frameworks-${CONFIGURATION}-output-files.xcfilelist",
			);
			runOnlyForDeploymentPostprocessing = 0;
			shellPath = /bin/sh;
			shellScript = "\"${PODS_ROOT}/Target Support Files/Pods-Converter/Pods-Converter-frameworks.sh\"\n";
			showEnvVarsInLog = 0;
		};
		DB009E9560568DA5E36C76CC /* [CP] Check Pods Manifest.lock */ = {
			isa = PBXShellScriptBuildPhase;
			buildActionMask = 2147483647;
			files = (
			);
			inputFileListPaths = (
			);
			inputPaths = (
				"${PODS_PODFILE_DIR_PATH}/Podfile.lock",
				"${PODS_ROOT}/Manifest.lock",
			);
			name = "[CP] Check Pods Manifest.lock";
			outputFileListPaths = (
			);
			outputPaths = (
				"$(DERIVED_FILE_DIR)/Pods-Converter-checkManifestLockResult.txt",
			);
			runOnlyForDeploymentPostprocessing = 0;
			shellPath = /bin/sh;
			shellScript = "diff \"${PODS_PODFILE_DIR_PATH}/Podfile.lock\" \"${PODS_ROOT}/Manifest.lock\" > /dev/null\nif [ $? != 0 ] ; then\n    # print error to STDERR\n    echo \"error: The sandbox is not in sync with the Podfile.lock. Run 'pod install' or update your CocoaPods installation.\" >&2\n    exit 1\nfi\n# This output is used by Xcode 'outputs' to avoid re-running this script phase.\necho \"SUCCESS\" > \"${SCRIPT_OUTPUT_FILE_0}\"\n";
			showEnvVarsInLog = 0;
		};
/* End PBXShellScriptBuildPhase section */

/* Begin PBXSourcesBuildPhase section */
		FB62EEC3276BCE0C00BDB70D /* Sources */ = {
			isa = PBXSourcesBuildPhase;
			buildActionMask = 2147483647;
			files = (
				FBFF2A6C28EE2E6300D3FCBF /* NetworkService.swift in Sources */,
				FB834E852770F26900105999 /* ExchangeCurrenciesData.swift in Sources */,
				FB62EECF276BCE0C00BDB70D /* MainScreenVC.swift in Sources */,
				FBAB0EE128F17E5700E242DE /* CurrenciesListView.swift in Sources */,
				FB62EECB276BCE0C00BDB70D /* AppDelegate.swift in Sources */,
				FBFF2A6A28EE293E00D3FCBF /* ExchangeModel.swift in Sources */,
				FBEAD4B22772346F00DDD50E /* CurrencyListVC.swift in Sources */,
				FBAB0EED28F48ED600E242DE /* SceneDelegate.swift in Sources */,
				FBC7780F28EDCBA200C9FB1D /* ExchangeScreenView.swift in Sources */,
				FBAB0EEA28F1875F00E242DE /* Router.swift in Sources */,
				FBAB0EE828F1873900E242DE /* AssemblyBuilder.swift in Sources */,
				FBAB0EE328F17E7400E242DE /* CurrenciesListViewPresenter.swift in Sources */,
				FBDAA3AE2798BD6500CB89B7 /* Extensions.swift in Sources */,
				FBEAD4B427723A8900DDD50E /* Indicator.swift in Sources */,
				FBFF2A6728EE1BBD00D3FCBF /* ExchangePresenter.swift in Sources */,
				FBC7781228EDF3E000C9FB1D /* LivePreview.swift in Sources */,
				FBEA9C40276E7346004BF24C /* Constants.swift in Sources */,
			);
			runOnlyForDeploymentPostprocessing = 0;
		};
/* End PBXSourcesBuildPhase section */

/* Begin PBXVariantGroup section */
		FB62EED5276BCE0C00BDB70D /* LaunchScreen.storyboard */ = {
			isa = PBXVariantGroup;
			children = (
				FB62EED6276BCE0C00BDB70D /* Base */,
			);
			name = LaunchScreen.storyboard;
			sourceTree = "<group>";
		};
/* End PBXVariantGroup section */

/* Begin XCBuildConfiguration section */
		FB62EED9276BCE0C00BDB70D /* Debug */ = {
			isa = XCBuildConfiguration;
			buildSettings = {
				ALWAYS_SEARCH_USER_PATHS = NO;
				CLANG_ANALYZER_NONNULL = YES;
				CLANG_ANALYZER_NUMBER_OBJECT_CONVERSION = YES_AGGRESSIVE;
				CLANG_CXX_LANGUAGE_STANDARD = "gnu++17";
				CLANG_CXX_LIBRARY = "libc++";
				CLANG_ENABLE_MODULES = YES;
				CLANG_ENABLE_OBJC_ARC = YES;
				CLANG_ENABLE_OBJC_WEAK = YES;
				CLANG_WARN_BLOCK_CAPTURE_AUTORELEASING = YES;
				CLANG_WARN_BOOL_CONVERSION = YES;
				CLANG_WARN_COMMA = YES;
				CLANG_WARN_CONSTANT_CONVERSION = YES;
				CLANG_WARN_DEPRECATED_OBJC_IMPLEMENTATIONS = YES;
				CLANG_WARN_DIRECT_OBJC_ISA_USAGE = YES_ERROR;
				CLANG_WARN_DOCUMENTATION_COMMENTS = YES;
				CLANG_WARN_EMPTY_BODY = YES;
				CLANG_WARN_ENUM_CONVERSION = YES;
				CLANG_WARN_INFINITE_RECURSION = YES;
				CLANG_WARN_INT_CONVERSION = YES;
				CLANG_WARN_NON_LITERAL_NULL_CONVERSION = YES;
				CLANG_WARN_OBJC_IMPLICIT_RETAIN_SELF = YES;
				CLANG_WARN_OBJC_LITERAL_CONVERSION = YES;
				CLANG_WARN_OBJC_ROOT_CLASS = YES_ERROR;
				CLANG_WARN_QUOTED_INCLUDE_IN_FRAMEWORK_HEADER = YES;
				CLANG_WARN_RANGE_LOOP_ANALYSIS = YES;
				CLANG_WARN_STRICT_PROTOTYPES = YES;
				CLANG_WARN_SUSPICIOUS_MOVE = YES;
				CLANG_WARN_UNGUARDED_AVAILABILITY = YES_AGGRESSIVE;
				CLANG_WARN_UNREACHABLE_CODE = YES;
				CLANG_WARN__DUPLICATE_METHOD_MATCH = YES;
				COPY_PHASE_STRIP = NO;
				DEBUG_INFORMATION_FORMAT = dwarf;
				ENABLE_STRICT_OBJC_MSGSEND = YES;
				ENABLE_TESTABILITY = YES;
				GCC_C_LANGUAGE_STANDARD = gnu11;
				GCC_DYNAMIC_NO_PIC = NO;
				GCC_NO_COMMON_BLOCKS = YES;
				GCC_OPTIMIZATION_LEVEL = 0;
				GCC_PREPROCESSOR_DEFINITIONS = (
					"DEBUG=1",
					"$(inherited)",
				);
				GCC_WARN_64_TO_32_BIT_CONVERSION = YES;
				GCC_WARN_ABOUT_RETURN_TYPE = YES_ERROR;
				GCC_WARN_UNDECLARED_SELECTOR = YES;
				GCC_WARN_UNINITIALIZED_AUTOS = YES_AGGRESSIVE;
				GCC_WARN_UNUSED_FUNCTION = YES;
				GCC_WARN_UNUSED_VARIABLE = YES;
				IPHONEOS_DEPLOYMENT_TARGET = 11.0;
				MTL_ENABLE_DEBUG_INFO = INCLUDE_SOURCE;
				MTL_FAST_MATH = YES;
				ONLY_ACTIVE_ARCH = YES;
				SDKROOT = iphoneos;
				SWIFT_ACTIVE_COMPILATION_CONDITIONS = DEBUG;
				SWIFT_OPTIMIZATION_LEVEL = "-Onone";
			};
			name = Debug;
		};
		FB62EEDA276BCE0C00BDB70D /* Release */ = {
			isa = XCBuildConfiguration;
			buildSettings = {
				ALWAYS_SEARCH_USER_PATHS = NO;
				CLANG_ANALYZER_NONNULL = YES;
				CLANG_ANALYZER_NUMBER_OBJECT_CONVERSION = YES_AGGRESSIVE;
				CLANG_CXX_LANGUAGE_STANDARD = "gnu++17";
				CLANG_CXX_LIBRARY = "libc++";
				CLANG_ENABLE_MODULES = YES;
				CLANG_ENABLE_OBJC_ARC = YES;
				CLANG_ENABLE_OBJC_WEAK = YES;
				CLANG_WARN_BLOCK_CAPTURE_AUTORELEASING = YES;
				CLANG_WARN_BOOL_CONVERSION = YES;
				CLANG_WARN_COMMA = YES;
				CLANG_WARN_CONSTANT_CONVERSION = YES;
				CLANG_WARN_DEPRECATED_OBJC_IMPLEMENTATIONS = YES;
				CLANG_WARN_DIRECT_OBJC_ISA_USAGE = YES_ERROR;
				CLANG_WARN_DOCUMENTATION_COMMENTS = YES;
				CLANG_WARN_EMPTY_BODY = YES;
				CLANG_WARN_ENUM_CONVERSION = YES;
				CLANG_WARN_INFINITE_RECURSION = YES;
				CLANG_WARN_INT_CONVERSION = YES;
				CLANG_WARN_NON_LITERAL_NULL_CONVERSION = YES;
				CLANG_WARN_OBJC_IMPLICIT_RETAIN_SELF = YES;
				CLANG_WARN_OBJC_LITERAL_CONVERSION = YES;
				CLANG_WARN_OBJC_ROOT_CLASS = YES_ERROR;
				CLANG_WARN_QUOTED_INCLUDE_IN_FRAMEWORK_HEADER = YES;
				CLANG_WARN_RANGE_LOOP_ANALYSIS = YES;
				CLANG_WARN_STRICT_PROTOTYPES = YES;
				CLANG_WARN_SUSPICIOUS_MOVE = YES;
				CLANG_WARN_UNGUARDED_AVAILABILITY = YES_AGGRESSIVE;
				CLANG_WARN_UNREACHABLE_CODE = YES;
				CLANG_WARN__DUPLICATE_METHOD_MATCH = YES;
				COPY_PHASE_STRIP = NO;
				DEBUG_INFORMATION_FORMAT = "dwarf-with-dsym";
				ENABLE_NS_ASSERTIONS = NO;
				ENABLE_STRICT_OBJC_MSGSEND = YES;
				GCC_C_LANGUAGE_STANDARD = gnu11;
				GCC_NO_COMMON_BLOCKS = YES;
				GCC_WARN_64_TO_32_BIT_CONVERSION = YES;
				GCC_WARN_ABOUT_RETURN_TYPE = YES_ERROR;
				GCC_WARN_UNDECLARED_SELECTOR = YES;
				GCC_WARN_UNINITIALIZED_AUTOS = YES_AGGRESSIVE;
				GCC_WARN_UNUSED_FUNCTION = YES;
				GCC_WARN_UNUSED_VARIABLE = YES;
				IPHONEOS_DEPLOYMENT_TARGET = 11.0;
				MTL_ENABLE_DEBUG_INFO = NO;
				MTL_FAST_MATH = YES;
				SDKROOT = iphoneos;
				SWIFT_COMPILATION_MODE = wholemodule;
				SWIFT_OPTIMIZATION_LEVEL = "-O";
				VALIDATE_PRODUCT = YES;
			};
			name = Release;
		};
		FB62EEDC276BCE0C00BDB70D /* Debug */ = {
			isa = XCBuildConfiguration;
			baseConfigurationReference = B828B649444A7CC3E0B21DE7 /* Pods-Converter.debug.xcconfig */;
			buildSettings = {
				ASSETCATALOG_COMPILER_APPICON_NAME = AppIcon;
				ASSETCATALOG_COMPILER_GLOBAL_ACCENT_COLOR_NAME = AccentColor;
				CODE_SIGN_STYLE = Automatic;
				CURRENT_PROJECT_VERSION = 1;
				DEVELOPMENT_TEAM = 5239QLQND2;
				GENERATE_INFOPLIST_FILE = YES;
				INFOPLIST_FILE = Converter/Info.plist;
				INFOPLIST_KEY_UIApplicationSupportsIndirectInputEvents = YES;
				INFOPLIST_KEY_UILaunchStoryboardName = LaunchScreen;
				INFOPLIST_KEY_UISupportedInterfaceOrientations_iPad = "UIInterfaceOrientationPortrait UIInterfaceOrientationPortraitUpsideDown UIInterfaceOrientationLandscapeLeft UIInterfaceOrientationLandscapeRight";
				INFOPLIST_KEY_UISupportedInterfaceOrientations_iPhone = "UIInterfaceOrientationPortrait UIInterfaceOrientationLandscapeLeft UIInterfaceOrientationLandscapeRight";
				IPHONEOS_DEPLOYMENT_TARGET = 13.0;
				LD_RUNPATH_SEARCH_PATHS = (
					"$(inherited)",
					"@executable_path/Frameworks",
				);
				MARKETING_VERSION = 1.0;
				PRODUCT_BUNDLE_IDENTIFIER = com.nikitanesporov.Converter;
				PRODUCT_NAME = "$(TARGET_NAME)";
				SWIFT_EMIT_LOC_STRINGS = YES;
				SWIFT_VERSION = 5.0;
				TARGETED_DEVICE_FAMILY = "1,2";
			};
			name = Debug;
		};
		FB62EEDD276BCE0C00BDB70D /* Release */ = {
			isa = XCBuildConfiguration;
			baseConfigurationReference = E15BF827869FDD4D7044C54F /* Pods-Converter.release.xcconfig */;
			buildSettings = {
				ASSETCATALOG_COMPILER_APPICON_NAME = AppIcon;
				ASSETCATALOG_COMPILER_GLOBAL_ACCENT_COLOR_NAME = AccentColor;
				CODE_SIGN_STYLE = Automatic;
				CURRENT_PROJECT_VERSION = 1;
				DEVELOPMENT_TEAM = 5239QLQND2;
				GENERATE_INFOPLIST_FILE = YES;
				INFOPLIST_FILE = Converter/Info.plist;
				INFOPLIST_KEY_UIApplicationSupportsIndirectInputEvents = YES;
				INFOPLIST_KEY_UILaunchStoryboardName = LaunchScreen;
				INFOPLIST_KEY_UISupportedInterfaceOrientations_iPad = "UIInterfaceOrientationPortrait UIInterfaceOrientationPortraitUpsideDown UIInterfaceOrientationLandscapeLeft UIInterfaceOrientationLandscapeRight";
				INFOPLIST_KEY_UISupportedInterfaceOrientations_iPhone = "UIInterfaceOrientationPortrait UIInterfaceOrientationLandscapeLeft UIInterfaceOrientationLandscapeRight";
				IPHONEOS_DEPLOYMENT_TARGET = 13.0;
				LD_RUNPATH_SEARCH_PATHS = (
					"$(inherited)",
					"@executable_path/Frameworks",
				);
				MARKETING_VERSION = 1.0;
				PRODUCT_BUNDLE_IDENTIFIER = com.nikitanesporov.Converter;
				PRODUCT_NAME = "$(TARGET_NAME)";
				SWIFT_EMIT_LOC_STRINGS = YES;
				SWIFT_VERSION = 5.0;
				TARGETED_DEVICE_FAMILY = "1,2";
			};
			name = Release;
		};
/* End XCBuildConfiguration section */

/* Begin XCConfigurationList section */
		FB62EEC2276BCE0C00BDB70D /* Build configuration list for PBXProject "Converter" */ = {
			isa = XCConfigurationList;
			buildConfigurations = (
				FB62EED9276BCE0C00BDB70D /* Debug */,
				FB62EEDA276BCE0C00BDB70D /* Release */,
			);
			defaultConfigurationIsVisible = 0;
			defaultConfigurationName = Release;
		};
		FB62EEDB276BCE0C00BDB70D /* Build configuration list for PBXNativeTarget "Converter" */ = {
			isa = XCConfigurationList;
			buildConfigurations = (
				FB62EEDC276BCE0C00BDB70D /* Debug */,
				FB62EEDD276BCE0C00BDB70D /* Release */,
			);
			defaultConfigurationIsVisible = 0;
			defaultConfigurationName = Release;
		};
/* End XCConfigurationList section */
	};
	rootObject = FB62EEBF276BCE0C00BDB70D /* Project object */;
}
